
Microsoft Visual Studio Solution File, Format Version 12.00
# Visual Studio Version 17
VisualStudioVersion = 17.5.33530.505
MinimumVisualStudioVersion = 10.0.40219.1
Project("{FAE04EC0-301F-11D3-BF4B-00C04F79EFBC}") = "RestarantDashboard", "RestarantDashboard\RestarantDashboard.csproj", "{56C7AB50-7113-4AED-83AD-46AA19ED512F}"
EndProject
Global
	GlobalSection(SolutionConfigurationPlatforms) = preSolution
		Debug|Any CPU = Debug|Any CPU
		Release|Any CPU = Release|Any CPU
	EndGlobalSection
	GlobalSection(ProjectConfigurationPlatforms) = postSolution
		{56C7AB50-7113-4AED-83AD-46AA19ED512F}.Debug|Any CPU.ActiveCfg = Debug|Any CPU
		{56C7AB50-7113-4AED-83AD-46AA19ED512F}.Debug|Any CPU.Build.0 = Debug|Any CPU
		{56C7AB50-7113-4AED-83AD-46AA19ED512F}.Release|Any CPU.ActiveCfg = Release|Any CPU
		{56C7AB50-7113-4AED-83AD-46AA19ED512F}.Release|Any CPU.Build.0 = Release|Any CPU
	EndGlobalSection
	GlobalSection(SolutionProperties) = preSolution
		HideSolutionNode = FALSE
	EndGlobalSection
	GlobalSection(ExtensibilityGlobals) = postSolution
		SolutionGuid = {F7A2A973-6675-457F-964E-260AC8A21B95}
	EndGlobalSection
EndGlobal
