
Microsoft Visual Studio Solution File, Format Version 12.00
# Visual Studio Version 17
VisualStudioVersion = 17.5.33530.505
MinimumVisualStudioVersion = 10.0.40219.1
Project("{FAE04EC0-301F-11D3-BF4B-00C04F79EFBC}") = "RestaurantDashboardKitchen", "RestaurantDashboardKitchen.csproj", "{03B82EE0-A6A4-4C7D-886D-A344A34F482A}"
EndProject
Global
	GlobalSection(SolutionConfigurationPlatforms) = preSolution
		Debug|Any CPU = Debug|Any CPU
		Release|Any CPU = Release|Any CPU
	EndGlobalSection
	GlobalSection(ProjectConfigurationPlatforms) = postSolution
		{03B82EE0-A6A4-4C7D-886D-A344A34F482A}.Debug|Any CPU.ActiveCfg = Debug|Any CPU
		{03B82EE0-A6A4-4C7D-886D-A344A34F482A}.Debug|Any CPU.Build.0 = Debug|Any CPU
		{03B82EE0-A6A4-4C7D-886D-A344A34F482A}.Release|Any CPU.ActiveCfg = Release|Any CPU
		{03B82EE0-A6A4-4C7D-886D-A344A34F482A}.Release|Any CPU.Build.0 = Release|Any CPU
	EndGlobalSection
	GlobalSection(SolutionProperties) = preSolution
		HideSolutionNode = FALSE
	EndGlobalSection
	GlobalSection(ExtensibilityGlobals) = postSolution
		SolutionGuid = {3B16C3E7-1862-4455-9EAF-0D79FD123A31}
	EndGlobalSection
EndGlobal
